
Microsoft Visual Studio Solution File, Format Version 12.00
# Visual Studio Version 17
VisualStudioVersion = 17.0.31806.525
MinimumVisualStudioVersion = 15.0.26124.0
Project("{9A19103F-16F7-4668-BE54-9A1E7A4F7556}") = "UTT", "UTT\UTT.csproj", "{F80AB9E4-D12B-4E89-BB5A-B81019FF9C77}"
EndProject
Project("{2150E333-8FDC-42A3-9474-1A3956D46DE8}") = "Solution Items", "Solution Items", "{3CC25A82-91A8-42E7-9384-48F4217E1F31}"
	ProjectSection(SolutionItems) = preProject
		Dockerfile = Dockerfile
	EndProjectSection
EndProject
Global
	GlobalSection(SolutionConfigurationPlatforms) = preSolution
		Debug|Any CPU = Debug|Any CPU
		Debug|x64 = Debug|x64
		Debug|x86 = Debug|x86
		Release|Any CPU = Release|Any CPU
		Release|x64 = Release|x64
		Release|x86 = Release|x86
	EndGlobalSection
	GlobalSection(ProjectConfigurationPlatforms) = postSolution
		{F80AB9E4-D12B-4E89-BB5A-B81019FF9C77}.Debug|Any CPU.ActiveCfg = Debug|Any CPU
		{F80AB9E4-D12B-4E89-BB5A-B81019FF9C77}.Debug|Any CPU.Build.0 = Debug|Any CPU
		{F80AB9E4-D12B-4E89-BB5A-B81019FF9C77}.Debug|x64.ActiveCfg = Debug|Any CPU
		{F80AB9E4-D12B-4E89-BB5A-B81019FF9C77}.Debug|x64.Build.0 = Debug|Any CPU
		{F80AB9E4-D12B-4E89-BB5A-B81019FF9C77}.Debug|x86.ActiveCfg = Debug|Any CPU
		{F80AB9E4-D12B-4E89-BB5A-B81019FF9C77}.Debug|x86.Build.0 = Debug|Any CPU
		{F80AB9E4-D12B-4E89-BB5A-B81019FF9C77}.Release|Any CPU.ActiveCfg = Release|Any CPU
		{F80AB9E4-D12B-4E89-BB5A-B81019FF9C77}.Release|Any CPU.Build.0 = Release|Any CPU
		{F80AB9E4-D12B-4E89-BB5A-B81019FF9C77}.Release|x64.ActiveCfg = Release|Any CPU
		{F80AB9E4-D12B-4E89-BB5A-B81019FF9C77}.Release|x64.Build.0 = Release|Any CPU
		{F80AB9E4-D12B-4E89-BB5A-B81019FF9C77}.Release|x86.ActiveCfg = Release|Any CPU
		{F80AB9E4-D12B-4E89-BB5A-B81019FF9C77}.Release|x86.Build.0 = Release|Any CPU
	EndGlobalSection
	GlobalSection(SolutionProperties) = preSolution
		HideSolutionNode = FALSE
	EndGlobalSection
	GlobalSection(ExtensibilityGlobals) = postSolution
		SolutionGuid = {A22E6485-3D0A-4492-B209-C7CE4190B06B}
	EndGlobalSection
EndGlobal
